
Microsoft Visual Studio Solution File, Format Version 12.00
# Visual Studio Version 16
VisualStudioVersion = 16.0.31624.102
MinimumVisualStudioVersion = 10.0.40219.1
Project("{FAE04EC0-301F-11D3-BF4B-00C04F79EFBC}") = "JwtAuthentication", "JwtAuthentication.csproj", "{F194DDD3-D141-4732-9D42-31EF2818875B}"
EndProject
Global
	GlobalSection(SolutionConfigurationPlatforms) = preSolution
		Debug|Any CPU = Debug|Any CPU
		Release|Any CPU = Release|Any CPU
	EndGlobalSection
	GlobalSection(ProjectConfigurationPlatforms) = postSolution
		{F194DDD3-D141-4732-9D42-31EF2818875B}.Debug|Any CPU.ActiveCfg = Debug|Any CPU
		{F194DDD3-D141-4732-9D42-31EF2818875B}.Debug|Any CPU.Build.0 = Debug|Any CPU
		{F194DDD3-D141-4732-9D42-31EF2818875B}.Release|Any CPU.ActiveCfg = Release|Any CPU
		{F194DDD3-D141-4732-9D42-31EF2818875B}.Release|Any CPU.Build.0 = Release|Any CPU
	EndGlobalSection
	GlobalSection(SolutionProperties) = preSolution
		HideSolutionNode = FALSE
	EndGlobalSection
	GlobalSection(ExtensibilityGlobals) = postSolution
		SolutionGuid = {76A1FEC9-01D5-4C6F-B360-38886AFFB8F9}
	EndGlobalSection
EndGlobal
